
Microsoft Visual Studio Solution File, Format Version 12.00
# Visual Studio 15
VisualStudioVersion = 15.0.28010.2003
MinimumVisualStudioVersion = 10.0.40219.1
Project("{FAE04EC0-301F-11D3-BF4B-00C04F79EFBC}") = "UtilitiesAPI", "UtilitiesAPI\UtilitiesAPI.csproj", "{3D03AC69-A6C2-4805-9B0D-B094FC0FDA3E}"
EndProject
Project("{FAE04EC0-301F-11D3-BF4B-00C04F79EFBC}") = "Contracts", "Contracts\Contracts.csproj", "{49E75ADF-B3B7-4BF0-B08C-74ACD755E4E2}"
EndProject
Project("{FAE04EC0-301F-11D3-BF4B-00C04F79EFBC}") = "Entities", "Entities\Entities.csproj", "{FBB76EF4-46B4-4E47-8363-C1E4AA1BF10A}"
EndProject
Project("{FAE04EC0-301F-11D3-BF4B-00C04F79EFBC}") = "Repository", "Repository\Repository.csproj", "{3AED97AC-B26C-408C-BDB7-F0EFD2925424}"
EndProject
Global
	GlobalSection(SolutionConfigurationPlatforms) = preSolution
		Debug|Any CPU = Debug|Any CPU
		Release|Any CPU = Release|Any CPU
	EndGlobalSection
	GlobalSection(ProjectConfigurationPlatforms) = postSolution
		{3D03AC69-A6C2-4805-9B0D-B094FC0FDA3E}.Debug|Any CPU.ActiveCfg = Debug|Any CPU
		{3D03AC69-A6C2-4805-9B0D-B094FC0FDA3E}.Debug|Any CPU.Build.0 = Debug|Any CPU
		{3D03AC69-A6C2-4805-9B0D-B094FC0FDA3E}.Release|Any CPU.ActiveCfg = Release|Any CPU
		{3D03AC69-A6C2-4805-9B0D-B094FC0FDA3E}.Release|Any CPU.Build.0 = Release|Any CPU
		{49E75ADF-B3B7-4BF0-B08C-74ACD755E4E2}.Debug|Any CPU.ActiveCfg = Debug|Any CPU
		{49E75ADF-B3B7-4BF0-B08C-74ACD755E4E2}.Debug|Any CPU.Build.0 = Debug|Any CPU
		{49E75ADF-B3B7-4BF0-B08C-74ACD755E4E2}.Release|Any CPU.ActiveCfg = Release|Any CPU
		{49E75ADF-B3B7-4BF0-B08C-74ACD755E4E2}.Release|Any CPU.Build.0 = Release|Any CPU
		{FBB76EF4-46B4-4E47-8363-C1E4AA1BF10A}.Debug|Any CPU.ActiveCfg = Debug|Any CPU
		{FBB76EF4-46B4-4E47-8363-C1E4AA1BF10A}.Debug|Any CPU.Build.0 = Debug|Any CPU
		{FBB76EF4-46B4-4E47-8363-C1E4AA1BF10A}.Release|Any CPU.ActiveCfg = Release|Any CPU
		{FBB76EF4-46B4-4E47-8363-C1E4AA1BF10A}.Release|Any CPU.Build.0 = Release|Any CPU
		{3AED97AC-B26C-408C-BDB7-F0EFD2925424}.Debug|Any CPU.ActiveCfg = Debug|Any CPU
		{3AED97AC-B26C-408C-BDB7-F0EFD2925424}.Debug|Any CPU.Build.0 = Debug|Any CPU
		{3AED97AC-B26C-408C-BDB7-F0EFD2925424}.Release|Any CPU.ActiveCfg = Release|Any CPU
		{3AED97AC-B26C-408C-BDB7-F0EFD2925424}.Release|Any CPU.Build.0 = Release|Any CPU
	EndGlobalSection
	GlobalSection(SolutionProperties) = preSolution
		HideSolutionNode = FALSE
	EndGlobalSection
	GlobalSection(ExtensibilityGlobals) = postSolution
		SolutionGuid = {E05EC826-7D14-407D-A2A6-741459F4D41C}
	EndGlobalSection
EndGlobal
